// !$*UTF8*$!
{
	archiveVersion = 1;
	classes = {
	};
	objectVersion = 55;
	objects = {

/* Begin PBXBuildFile section */
		2D484FB927F0DA1E004DA032 /* UnderlinedTextField.swift in Sources */ = {isa = PBXBuildFile; fileRef = 2D484FB827F0DA1E004DA032 /* UnderlinedTextField.swift */; };
		2D484FBC27F1B181004DA032 /* Model.xcdatamodeld in Sources */ = {isa = PBXBuildFile; fileRef = 2D484FBA27F1B181004DA032 /* Model.xcdatamodeld */; };
		2D484FBE27F1B331004DA032 /* CoreDataStackHolder.swift in Sources */ = {isa = PBXBuildFile; fileRef = 2D484FBD27F1B331004DA032 /* CoreDataStackHolder.swift */; };
		2D484FC027F1DA9E004DA032 /* NotesProvider.swift in Sources */ = {isa = PBXBuildFile; fileRef = 2D484FBF27F1DA9E004DA032 /* NotesProvider.swift */; };
		2D864D0B27EC6C900001B06B /* AppDelegate.swift in Sources */ = {isa = PBXBuildFile; fileRef = 2D864D0A27EC6C900001B06B /* AppDelegate.swift */; };
		2D864D0D27EC6C900001B06B /* SceneDelegate.swift in Sources */ = {isa = PBXBuildFile; fileRef = 2D864D0C27EC6C900001B06B /* SceneDelegate.swift */; };
		2D864D0F27EC6C910001B06B /* NoteViewController.swift in Sources */ = {isa = PBXBuildFile; fileRef = 2D864D0E27EC6C910001B06B /* NoteViewController.swift */; };
		2D864D1227EC6C910001B06B /* Main.storyboard in Resources */ = {isa = PBXBuildFile; fileRef = 2D864D1027EC6C910001B06B /* Main.storyboard */; };
		2D864D1427EC6C980001B06B /* Assets.xcassets in Resources */ = {isa = PBXBuildFile; fileRef = 2D864D1327EC6C980001B06B /* Assets.xcassets */; };
		2D864D1727EC6C980001B06B /* LaunchScreen.storyboard in Resources */ = {isa = PBXBuildFile; fileRef = 2D864D1527EC6C980001B06B /* LaunchScreen.storyboard */; };
		2DE478E427ECBDF60088C0E5 /* CircleMarkerView.swift in Sources */ = {isa = PBXBuildFile; fileRef = 2DE478E327ECBDF50088C0E5 /* CircleMarkerView.swift */; };
		2DE478E627ED0DEB0088C0E5 /* GradientMarkerView.swift in Sources */ = {isa = PBXBuildFile; fileRef = 2DE478E527ED0DEB0088C0E5 /* GradientMarkerView.swift */; };
		2DF8AB1B27F09021009D7A21 /* NoteTemp.swift in Sources */ = {isa = PBXBuildFile; fileRef = 2DF8AB1A27F09021009D7A21 /* NoteTemp.swift */; };
		2DF8AB1E27F0AFAE009D7A21 /* NoteTableViewCell.swift in Sources */ = {isa = PBXBuildFile; fileRef = 2DF8AB1C27F0AFAE009D7A21 /* NoteTableViewCell.swift */; };
		2DF8AB1F27F0AFAE009D7A21 /* NoteTableViewCell.xib in Resources */ = {isa = PBXBuildFile; fileRef = 2DF8AB1D27F0AFAE009D7A21 /* NoteTableViewCell.xib */; };
		2DF8AB2127F0B96D009D7A21 /* NoteTableViewController.swift in Sources */ = {isa = PBXBuildFile; fileRef = 2DF8AB2027F0B96D009D7A21 /* NoteTableViewController.swift */; };
		2DF8AB2327F0C313009D7A21 /* UIColor + Extension.swift in Sources */ = {isa = PBXBuildFile; fileRef = 2DF8AB2227F0C313009D7A21 /* UIColor + Extension.swift */; };
/* End PBXBuildFile section */

/* Begin PBXFileReference section */
		2D484FB827F0DA1E004DA032 /* UnderlinedTextField.swift */ = {isa = PBXFileReference; lastKnownFileType = sourcecode.swift; path = UnderlinedTextField.swift; sourceTree = "<group>"; };
		2D484FBB27F1B181004DA032 /* Model.xcdatamodel */ = {isa = PBXFileReference; lastKnownFileType = wrapper.xcdatamodel; path = Model.xcdatamodel; sourceTree = "<group>"; };
		2D484FBD27F1B331004DA032 /* CoreDataStackHolder.swift */ = {isa = PBXFileReference; lastKnownFileType = sourcecode.swift; path = CoreDataStackHolder.swift; sourceTree = "<group>"; };
		2D484FBF27F1DA9E004DA032 /* NotesProvider.swift */ = {isa = PBXFileReference; lastKnownFileType = sourcecode.swift; path = NotesProvider.swift; sourceTree = "<group>"; };
		2D864D0727EC6C900001B06B /* NotesApp.app */ = {isa = PBXFileReference; explicitFileType = wrapper.application; includeInIndex = 0; path = NotesApp.app; sourceTree = BUILT_PRODUCTS_DIR; };
		2D864D0A27EC6C900001B06B /* AppDelegate.swift */ = {isa = PBXFileReference; lastKnownFileType = sourcecode.swift; path = AppDelegate.swift; sourceTree = "<group>"; };
		2D864D0C27EC6C900001B06B /* SceneDelegate.swift */ = {isa = PBXFileReference; lastKnownFileType = sourcecode.swift; path = SceneDelegate.swift; sourceTree = "<group>"; };
		2D864D0E27EC6C910001B06B /* NoteViewController.swift */ = {isa = PBXFileReference; lastKnownFileType = sourcecode.swift; path = NoteViewController.swift; sourceTree = "<group>"; };
		2D864D1127EC6C910001B06B /* Base */ = {isa = PBXFileReference; lastKnownFileType = file.storyboard; name = Base; path = Base.lproj/Main.storyboard; sourceTree = "<group>"; };
		2D864D1327EC6C980001B06B /* Assets.xcassets */ = {isa = PBXFileReference; lastKnownFileType = folder.assetcatalog; path = Assets.xcassets; sourceTree = "<group>"; };
		2D864D1627EC6C980001B06B /* Base */ = {isa = PBXFileReference; lastKnownFileType = file.storyboard; name = Base; path = Base.lproj/LaunchScreen.storyboard; sourceTree = "<group>"; };
		2D864D1827EC6C980001B06B /* Info.plist */ = {isa = PBXFileReference; lastKnownFileType = text.plist.xml; path = Info.plist; sourceTree = "<group>"; };
		2DE478E327ECBDF50088C0E5 /* CircleMarkerView.swift */ = {isa = PBXFileReference; lastKnownFileType = sourcecode.swift; path = CircleMarkerView.swift; sourceTree = "<group>"; };
		2DE478E527ED0DEB0088C0E5 /* GradientMarkerView.swift */ = {isa = PBXFileReference; lastKnownFileType = sourcecode.swift; path = GradientMarkerView.swift; sourceTree = "<group>"; };
		2DF8AB1A27F09021009D7A21 /* NoteTemp.swift */ = {isa = PBXFileReference; lastKnownFileType = sourcecode.swift; path = NoteTemp.swift; sourceTree = "<group>"; };
		2DF8AB1C27F0AFAE009D7A21 /* NoteTableViewCell.swift */ = {isa = PBXFileReference; lastKnownFileType = sourcecode.swift; path = NoteTableViewCell.swift; sourceTree = "<group>"; };
		2DF8AB1D27F0AFAE009D7A21 /* NoteTableViewCell.xib */ = {isa = PBXFileReference; lastKnownFileType = file.xib; path = NoteTableViewCell.xib; sourceTree = "<group>"; };
		2DF8AB2027F0B96D009D7A21 /* NoteTableViewController.swift */ = {isa = PBXFileReference; lastKnownFileType = sourcecode.swift; path = NoteTableViewController.swift; sourceTree = "<group>"; };
		2DF8AB2227F0C313009D7A21 /* UIColor + Extension.swift */ = {isa = PBXFileReference; lastKnownFileType = sourcecode.swift; path = "UIColor + Extension.swift"; sourceTree = "<group>"; };
/* End PBXFileReference section */

/* Begin PBXFrameworksBuildPhase section */
		2D864D0427EC6C900001B06B /* Frameworks */ = {
			isa = PBXFrameworksBuildPhase;
			buildActionMask = 2147483647;
			files = (
			);
			runOnlyForDeploymentPostprocessing = 0;
		};
/* End PBXFrameworksBuildPhase section */

/* Begin PBXGroup section */
		2D864CFE27EC6C900001B06B = {
			isa = PBXGroup;
			children = (
				2D864D0927EC6C900001B06B /* NotesApp */,
				2D864D0827EC6C900001B06B /* Products */,
			);
			sourceTree = "<group>";
		};
		2D864D0827EC6C900001B06B /* Products */ = {
			isa = PBXGroup;
			children = (
				2D864D0727EC6C900001B06B /* NotesApp.app */,
			);
			name = Products;
			sourceTree = "<group>";
		};
		2D864D0927EC6C900001B06B /* NotesApp */ = {
			isa = PBXGroup;
			children = (
				2D864D0A27EC6C900001B06B /* AppDelegate.swift */,
				2D864D0C27EC6C900001B06B /* SceneDelegate.swift */,
				2D864D0E27EC6C910001B06B /* NoteViewController.swift */,
				2DF8AB2227F0C313009D7A21 /* UIColor + Extension.swift */,
				2DE478E327ECBDF50088C0E5 /* CircleMarkerView.swift */,
				2DF8AB1A27F09021009D7A21 /* NoteTemp.swift */,
				2D484FBA27F1B181004DA032 /* Model.xcdatamodeld */,
				2D484FBD27F1B331004DA032 /* CoreDataStackHolder.swift */,
				2D484FBF27F1DA9E004DA032 /* NotesProvider.swift */,
				2D864D1027EC6C910001B06B /* Main.storyboard */,
				2D484FB827F0DA1E004DA032 /* UnderlinedTextField.swift */,
				2DF8AB1C27F0AFAE009D7A21 /* NoteTableViewCell.swift */,
				2DF8AB1D27F0AFAE009D7A21 /* NoteTableViewCell.xib */,
				2DE478E527ED0DEB0088C0E5 /* GradientMarkerView.swift */,
				2D864D1327EC6C980001B06B /* Assets.xcassets */,
				2D864D1527EC6C980001B06B /* LaunchScreen.storyboard */,
				2D864D1827EC6C980001B06B /* Info.plist */,
				2DF8AB2027F0B96D009D7A21 /* NoteTableViewController.swift */,
			);
			path = NotesApp;
			sourceTree = "<group>";
		};
/* End PBXGroup section */

/* Begin PBXNativeTarget section */
		2D864D0627EC6C900001B06B /* NotesApp */ = {
			isa = PBXNativeTarget;
			buildConfigurationList = 2D864D1B27EC6C980001B06B /* Build configuration list for PBXNativeTarget "NotesApp" */;
			buildPhases = (
				2D864D0327EC6C900001B06B /* Sources */,
				2D864D0427EC6C900001B06B /* Frameworks */,
				2D864D0527EC6C900001B06B /* Resources */,
			);
			buildRules = (
			);
			dependencies = (
			);
			name = NotesApp;
			productName = NotesApp;
			productReference = 2D864D0727EC6C900001B06B /* NotesApp.app */;
			productType = "com.apple.product-type.application";
		};
/* End PBXNativeTarget section */

/* Begin PBXProject section */
		2D864CFF27EC6C900001B06B /* Project object */ = {
			isa = PBXProject;
			attributes = {
				BuildIndependentTargetsInParallel = 1;
				LastSwiftUpdateCheck = 1320;
				LastUpgradeCheck = 1320;
				TargetAttributes = {
					2D864D0627EC6C900001B06B = {
						CreatedOnToolsVersion = 13.2.1;
					};
				};
			};
			buildConfigurationList = 2D864D0227EC6C900001B06B /* Build configuration list for PBXProject "NotesApp" */;
			compatibilityVersion = "Xcode 13.0";
			developmentRegion = en;
			hasScannedForEncodings = 0;
			knownRegions = (
				en,
				Base,
			);
			mainGroup = 2D864CFE27EC6C900001B06B;
			productRefGroup = 2D864D0827EC6C900001B06B /* Products */;
			projectDirPath = "";
			projectRoot = "";
			targets = (
				2D864D0627EC6C900001B06B /* NotesApp */,
			);
		};
/* End PBXProject section */

/* Begin PBXResourcesBuildPhase section */
		2D864D0527EC6C900001B06B /* Resources */ = {
			isa = PBXResourcesBuildPhase;
			buildActionMask = 2147483647;
			files = (
				2D864D1727EC6C980001B06B /* LaunchScreen.storyboard in Resources */,
				2D864D1427EC6C980001B06B /* Assets.xcassets in Resources */,
				2D864D1227EC6C910001B06B /* Main.storyboard in Resources */,
				2DF8AB1F27F0AFAE009D7A21 /* NoteTableViewCell.xib in Resources */,
			);
			runOnlyForDeploymentPostprocessing = 0;
		};
/* End PBXResourcesBuildPhase section */

/* Begin PBXSourcesBuildPhase section */
		2D864D0327EC6C900001B06B /* Sources */ = {
			isa = PBXSourcesBuildPhase;
			buildActionMask = 2147483647;
			files = (
				2DF8AB2327F0C313009D7A21 /* UIColor + Extension.swift in Sources */,
				2D484FBE27F1B331004DA032 /* CoreDataStackHolder.swift in Sources */,
				2D864D0F27EC6C910001B06B /* NoteViewController.swift in Sources */,
				2DF8AB2127F0B96D009D7A21 /* NoteTableViewController.swift in Sources */,
				2D864D0B27EC6C900001B06B /* AppDelegate.swift in Sources */,
				2D864D0D27EC6C900001B06B /* SceneDelegate.swift in Sources */,
				2D484FB927F0DA1E004DA032 /* UnderlinedTextField.swift in Sources */,
				2DE478E427ECBDF60088C0E5 /* CircleMarkerView.swift in Sources */,
				2D484FC027F1DA9E004DA032 /* NotesProvider.swift in Sources */,
				2DE478E627ED0DEB0088C0E5 /* GradientMarkerView.swift in Sources */,
				2DF8AB1E27F0AFAE009D7A21 /* NoteTableViewCell.swift in Sources */,
				2D484FBC27F1B181004DA032 /* Model.xcdatamodeld in Sources */,
				2DF8AB1B27F09021009D7A21 /* NoteTemp.swift in Sources */,
			);
			runOnlyForDeploymentPostprocessing = 0;
		};
/* End PBXSourcesBuildPhase section */

/* Begin PBXVariantGroup section */
		2D864D1027EC6C910001B06B /* Main.storyboard */ = {
			isa = PBXVariantGroup;
			children = (
				2D864D1127EC6C910001B06B /* Base */,
			);
			name = Main.storyboard;
			sourceTree = "<group>";
		};
		2D864D1527EC6C980001B06B /* LaunchScreen.storyboard */ = {
			isa = PBXVariantGroup;
			children = (
				2D864D1627EC6C980001B06B /* Base */,
			);
			name = LaunchScreen.storyboard;
			sourceTree = "<group>";
		};
/* End PBXVariantGroup section */

/* Begin XCBuildConfiguration section */
		2D864D1927EC6C980001B06B /* Debug */ = {
			isa = XCBuildConfiguration;
			buildSettings = {
				ALWAYS_SEARCH_USER_PATHS = NO;
				CLANG_ANALYZER_NONNULL = YES;
				CLANG_ANALYZER_NUMBER_OBJECT_CONVERSION = YES_AGGRESSIVE;
				CLANG_CXX_LANGUAGE_STANDARD = "gnu++17";
				CLANG_CXX_LIBRARY = "libc++";
				CLANG_ENABLE_MODULES = YES;
				CLANG_ENABLE_OBJC_ARC = YES;
				CLANG_ENABLE_OBJC_WEAK = YES;
				CLANG_WARN_BLOCK_CAPTURE_AUTORELEASING = YES;
				CLANG_WARN_BOOL_CONVERSION = YES;
				CLANG_WARN_COMMA = YES;
				CLANG_WARN_CONSTANT_CONVERSION = YES;
				CLANG_WARN_DEPRECATED_OBJC_IMPLEMENTATIONS = YES;
				CLANG_WARN_DIRECT_OBJC_ISA_USAGE = YES_ERROR;
				CLANG_WARN_DOCUMENTATION_COMMENTS = YES;
				CLANG_WARN_EMPTY_BODY = YES;
				CLANG_WARN_ENUM_CONVERSION = YES;
				CLANG_WARN_INFINITE_RECURSION = YES;
				CLANG_WARN_INT_CONVERSION = YES;
				CLANG_WARN_NON_LITERAL_NULL_CONVERSION = YES;
				CLANG_WARN_OBJC_IMPLICIT_RETAIN_SELF = YES;
				CLANG_WARN_OBJC_LITERAL_CONVERSION = YES;
				CLANG_WARN_OBJC_ROOT_CLASS = YES_ERROR;
				CLANG_WARN_QUOTED_INCLUDE_IN_FRAMEWORK_HEADER = YES;
				CLANG_WARN_RANGE_LOOP_ANALYSIS = YES;
				CLANG_WARN_STRICT_PROTOTYPES = YES;
				CLANG_WARN_SUSPICIOUS_MOVE = YES;
				CLANG_WARN_UNGUARDED_AVAILABILITY = YES_AGGRESSIVE;
				CLANG_WARN_UNREACHABLE_CODE = YES;
				CLANG_WARN__DUPLICATE_METHOD_MATCH = YES;
				COPY_PHASE_STRIP = NO;
				DEBUG_INFORMATION_FORMAT = dwarf;
				ENABLE_STRICT_OBJC_MSGSEND = YES;
				ENABLE_TESTABILITY = YES;
				GCC_C_LANGUAGE_STANDARD = gnu11;
				GCC_DYNAMIC_NO_PIC = NO;
				GCC_NO_COMMON_BLOCKS = YES;
				GCC_OPTIMIZATION_LEVEL = 0;
				GCC_PREPROCESSOR_DEFINITIONS = (
					"DEBUG=1",
					"$(inherited)",
				);
				GCC_WARN_64_TO_32_BIT_CONVERSION = YES;
				GCC_WARN_ABOUT_RETURN_TYPE = YES_ERROR;
				GCC_WARN_UNDECLARED_SELECTOR = YES;
				GCC_WARN_UNINITIALIZED_AUTOS = YES_AGGRESSIVE;
				GCC_WARN_UNUSED_FUNCTION = YES;
				GCC_WARN_UNUSED_VARIABLE = YES;
				IPHONEOS_DEPLOYMENT_TARGET = 15.2;
				MTL_ENABLE_DEBUG_INFO = INCLUDE_SOURCE;
				MTL_FAST_MATH = YES;
				ONLY_ACTIVE_ARCH = YES;
				SDKROOT = iphoneos;
				SWIFT_ACTIVE_COMPILATION_CONDITIONS = DEBUG;
				SWIFT_OPTIMIZATION_LEVEL = "-Onone";
			};
			name = Debug;
		};
		2D864D1A27EC6C980001B06B /* Release */ = {
			isa = XCBuildConfiguration;
			buildSettings = {
				ALWAYS_SEARCH_USER_PATHS = NO;
				CLANG_ANALYZER_NONNULL = YES;
				CLANG_ANALYZER_NUMBER_OBJECT_CONVERSION = YES_AGGRESSIVE;
				CLANG_CXX_LANGUAGE_STANDARD = "gnu++17";
				CLANG_CXX_LIBRARY = "libc++";
				CLANG_ENABLE_MODULES = YES;
				CLANG_ENABLE_OBJC_ARC = YES;
				CLANG_ENABLE_OBJC_WEAK = YES;
				CLANG_WARN_BLOCK_CAPTURE_AUTORELEASING = YES;
				CLANG_WARN_BOOL_CONVERSION = YES;
				CLANG_WARN_COMMA = YES;
				CLANG_WARN_CONSTANT_CONVERSION = YES;
				CLANG_WARN_DEPRECATED_OBJC_IMPLEMENTATIONS = YES;
				CLANG_WARN_DIRECT_OBJC_ISA_USAGE = YES_ERROR;
				CLANG_WARN_DOCUMENTATION_COMMENTS = YES;
				CLANG_WARN_EMPTY_BODY = YES;
				CLANG_WARN_ENUM_CONVERSION = YES;
				CLANG_WARN_INFINITE_RECURSION = YES;
				CLANG_WARN_INT_CONVERSION = YES;
				CLANG_WARN_NON_LITERAL_NULL_CONVERSION = YES;
				CLANG_WARN_OBJC_IMPLICIT_RETAIN_SELF = YES;
				CLANG_WARN_OBJC_LITERAL_CONVERSION = YES;
				CLANG_WARN_OBJC_ROOT_CLASS = YES_ERROR;
				CLANG_WARN_QUOTED_INCLUDE_IN_FRAMEWORK_HEADER = YES;
				CLANG_WARN_RANGE_LOOP_ANALYSIS = YES;
				CLANG_WARN_STRICT_PROTOTYPES = YES;
				CLANG_WARN_SUSPICIOUS_MOVE = YES;
				CLANG_WARN_UNGUARDED_AVAILABILITY = YES_AGGRESSIVE;
				CLANG_WARN_UNREACHABLE_CODE = YES;
				CLANG_WARN__DUPLICATE_METHOD_MATCH = YES;
				COPY_PHASE_STRIP = NO;
				DEBUG_INFORMATION_FORMAT = "dwarf-with-dsym";
				ENABLE_NS_ASSERTIONS = NO;
				ENABLE_STRICT_OBJC_MSGSEND = YES;
				GCC_C_LANGUAGE_STANDARD = gnu11;
				GCC_NO_COMMON_BLOCKS = YES;
				GCC_WARN_64_TO_32_BIT_CONVERSION = YES;
				GCC_WARN_ABOUT_RETURN_TYPE = YES_ERROR;
				GCC_WARN_UNDECLARED_SELECTOR = YES;
				GCC_WARN_UNINITIALIZED_AUTOS = YES_AGGRESSIVE;
				GCC_WARN_UNUSED_FUNCTION = YES;
				GCC_WARN_UNUSED_VARIABLE = YES;
				IPHONEOS_DEPLOYMENT_TARGET = 15.2;
				MTL_ENABLE_DEBUG_INFO = NO;
				MTL_FAST_MATH = YES;
				SDKROOT = iphoneos;
				SWIFT_COMPILATION_MODE = wholemodule;
				SWIFT_OPTIMIZATION_LEVEL = "-O";
				VALIDATE_PRODUCT = YES;
			};
			name = Release;
		};
		2D864D1C27EC6C980001B06B /* Debug */ = {
			isa = XCBuildConfiguration;
			buildSettings = {
				ASSETCATALOG_COMPILER_APPICON_NAME = AppIcon;
				ASSETCATALOG_COMPILER_GLOBAL_ACCENT_COLOR_NAME = AccentColor;
				CODE_SIGN_STYLE = Automatic;
				CURRENT_PROJECT_VERSION = 1;
				DEVELOPMENT_TEAM = HUN84826YQ;
				GENERATE_INFOPLIST_FILE = YES;
				INFOPLIST_FILE = NotesApp/Info.plist;
				INFOPLIST_KEY_UIApplicationSupportsIndirectInputEvents = YES;
				INFOPLIST_KEY_UILaunchStoryboardName = LaunchScreen;
				INFOPLIST_KEY_UIMainStoryboardFile = Main;
				INFOPLIST_KEY_UISupportedInterfaceOrientations = UIInterfaceOrientationPortrait;
				INFOPLIST_KEY_UISupportedInterfaceOrientations_iPad = "UIInterfaceOrientationPortrait UIInterfaceOrientationPortraitUpsideDown UIInterfaceOrientationLandscapeLeft UIInterfaceOrientationLandscapeRight";
				INFOPLIST_KEY_UISupportedInterfaceOrientations_iPhone = "UIInterfaceOrientationPortrait UIInterfaceOrientationLandscapeLeft UIInterfaceOrientationLandscapeRight";
				IPHONEOS_DEPLOYMENT_TARGET = 15.0;
				LD_RUNPATH_SEARCH_PATHS = (
					"$(inherited)",
					"@executable_path/Frameworks",
				);
				MARKETING_VERSION = 1.0;
				PRODUCT_BUNDLE_IDENTIFIER = ru.awesome.NotesApp;
				PRODUCT_NAME = "$(TARGET_NAME)";
				SWIFT_EMIT_LOC_STRINGS = YES;
				SWIFT_VERSION = 5.0;
				TARGETED_DEVICE_FAMILY = 1;
			};
			name = Debug;
		};
		2D864D1D27EC6C980001B06B /* Release */ = {
			isa = XCBuildConfiguration;
			buildSettings = {
				ASSETCATALOG_COMPILER_APPICON_NAME = AppIcon;
				ASSETCATALOG_COMPILER_GLOBAL_ACCENT_COLOR_NAME = AccentColor;
				CODE_SIGN_STYLE = Automatic;
				CURRENT_PROJECT_VERSION = 1;
				DEVELOPMENT_TEAM = HUN84826YQ;
				GENERATE_INFOPLIST_FILE = YES;
				INFOPLIST_FILE = NotesApp/Info.plist;
				INFOPLIST_KEY_UIApplicationSupportsIndirectInputEvents = YES;
				INFOPLIST_KEY_UILaunchStoryboardName = LaunchScreen;
				INFOPLIST_KEY_UIMainStoryboardFile = Main;
				INFOPLIST_KEY_UISupportedInterfaceOrientations = UIInterfaceOrientationPortrait;
				INFOPLIST_KEY_UISupportedInterfaceOrientations_iPad = "UIInterfaceOrientationPortrait UIInterfaceOrientationPortraitUpsideDown UIInterfaceOrientationLandscapeLeft UIInterfaceOrientationLandscapeRight";
				INFOPLIST_KEY_UISupportedInterfaceOrientations_iPhone = "UIInterfaceOrientationPortrait UIInterfaceOrientationLandscapeLeft UIInterfaceOrientationLandscapeRight";
				IPHONEOS_DEPLOYMENT_TARGET = 15.0;
				LD_RUNPATH_SEARCH_PATHS = (
					"$(inherited)",
					"@executable_path/Frameworks",
				);
				MARKETING_VERSION = 1.0;
				PRODUCT_BUNDLE_IDENTIFIER = ru.awesome.NotesApp;
				PRODUCT_NAME = "$(TARGET_NAME)";
				SWIFT_EMIT_LOC_STRINGS = YES;
				SWIFT_VERSION = 5.0;
				TARGETED_DEVICE_FAMILY = 1;
			};
			name = Release;
		};
/* End XCBuildConfiguration section */

/* Begin XCConfigurationList section */
		2D864D0227EC6C900001B06B /* Build configuration list for PBXProject "NotesApp" */ = {
			isa = XCConfigurationList;
			buildConfigurations = (
				2D864D1927EC6C980001B06B /* Debug */,
				2D864D1A27EC6C980001B06B /* Release */,
			);
			defaultConfigurationIsVisible = 0;
			defaultConfigurationName = Release;
		};
		2D864D1B27EC6C980001B06B /* Build configuration list for PBXNativeTarget "NotesApp" */ = {
			isa = XCConfigurationList;
			buildConfigurations = (
				2D864D1C27EC6C980001B06B /* Debug */,
				2D864D1D27EC6C980001B06B /* Release */,
			);
			defaultConfigurationIsVisible = 0;
			defaultConfigurationName = Release;
		};
/* End XCConfigurationList section */

/* Begin XCVersionGroup section */
		2D484FBA27F1B181004DA032 /* Model.xcdatamodeld */ = {
			isa = XCVersionGroup;
			children = (
				2D484FBB27F1B181004DA032 /* Model.xcdatamodel */,
			);
			currentVersion = 2D484FBB27F1B181004DA032 /* Model.xcdatamodel */;
			path = Model.xcdatamodeld;
			sourceTree = "<group>";
			versionGroupType = wrapper.xcdatamodel;
		};
/* End XCVersionGroup section */
	};
	rootObject = 2D864CFF27EC6C900001B06B /* Project object */;
}
